
Microsoft Visual Studio Solution File, Format Version 12.00
# Visual Studio Version 17
VisualStudioVersion = 17.2.32616.157
MinimumVisualStudioVersion = 10.0.40219.1
Project("{8BC9CEB8-8B4A-11D0-8D11-00A0C91BC942}") = "Proyecto prog2", "Proyecto prog2\Proyecto prog2.vcxproj", "{40C3BF2B-856B-488E-A9B8-BC3BD122F400}"
EndProject
Global
	GlobalSection(SolutionConfigurationPlatforms) = preSolution
		Debug|x64 = Debug|x64
		Debug|x86 = Debug|x86
		Release|x64 = Release|x64
		Release|x86 = Release|x86
	EndGlobalSection
	GlobalSection(ProjectConfigurationPlatforms) = postSolution
		{40C3BF2B-856B-488E-A9B8-BC3BD122F400}.Debug|x64.ActiveCfg = Debug|x64
		{40C3BF2B-856B-488E-A9B8-BC3BD122F400}.Debug|x64.Build.0 = Debug|x64
		{40C3BF2B-856B-488E-A9B8-BC3BD122F400}.Debug|x86.ActiveCfg = Debug|Win32
		{40C3BF2B-856B-488E-A9B8-BC3BD122F400}.Debug|x86.Build.0 = Debug|Win32
		{40C3BF2B-856B-488E-A9B8-BC3BD122F400}.Release|x64.ActiveCfg = Release|x64
		{40C3BF2B-856B-488E-A9B8-BC3BD122F400}.Release|x64.Build.0 = Release|x64
		{40C3BF2B-856B-488E-A9B8-BC3BD122F400}.Release|x86.ActiveCfg = Release|Win32
		{40C3BF2B-856B-488E-A9B8-BC3BD122F400}.Release|x86.Build.0 = Release|Win32
	EndGlobalSection
	GlobalSection(SolutionProperties) = preSolution
		HideSolutionNode = FALSE
	EndGlobalSection
	GlobalSection(ExtensibilityGlobals) = postSolution
		SolutionGuid = {7D356623-1313-45D4-A0A0-6C2E98D20F55}
	EndGlobalSection
EndGlobal
